
Microsoft Visual Studio Solution File, Format Version 12.00
# Visual Studio Version 16
VisualStudioVersion = 16.0.30523.141
MinimumVisualStudioVersion = 10.0.40219.1
Project("{FAE04EC0-301F-11D3-BF4B-00C04F79EFBC}") = "ReactASPCrud", "ReactASPCrud.csproj", "{AB621855-4E1C-423D-9B18-D61FDA71001A}"
EndProject
Global
	GlobalSection(SolutionConfigurationPlatforms) = preSolution
		Debug|Any CPU = Debug|Any CPU
		Release|Any CPU = Release|Any CPU
	EndGlobalSection
	GlobalSection(ProjectConfigurationPlatforms) = postSolution
		{AB621855-4E1C-423D-9B18-D61FDA71001A}.Debug|Any CPU.ActiveCfg = Debug|Any CPU
		{AB621855-4E1C-423D-9B18-D61FDA71001A}.Debug|Any CPU.Build.0 = Debug|Any CPU
		{AB621855-4E1C-423D-9B18-D61FDA71001A}.Release|Any CPU.ActiveCfg = Release|Any CPU
		{AB621855-4E1C-423D-9B18-D61FDA71001A}.Release|Any CPU.Build.0 = Release|Any CPU
	EndGlobalSection
	GlobalSection(SolutionProperties) = preSolution
		HideSolutionNode = FALSE
	EndGlobalSection
	GlobalSection(ExtensibilityGlobals) = postSolution
		SolutionGuid = {DC34CD2E-CE00-4DA7-9469-C6F9B59F0296}
	EndGlobalSection
EndGlobal
